<?xml version="1.0" encoding="UTF-8"?>
<Scheme
   version = "1.3">
   <BuildAction>
      <BuildActionEntries>
         <BuildActionEntry
            buildForRunning = "YES">
            <BuildableReference
               BuildableIdentifier = "primary"
               BlueprintIdentifier = "5056FAD0D9AE6685D3725386"
               BuildableName = "C++ HW Thing 3 - We Must Go Deeper"
               BlueprintName = "C++ HW Thing 3 - We Must Go Deeper"
               ReferencedContainer = "container:C++ HW Thing 3 - We Must Go Deeper.xcodeproj">
            </BuildableReference>
         </BuildActionEntry>
      </BuildActionEntries>
   </BuildAction>
   <LaunchAction
      useCustomWorkingDirectory = "NO"
      buildConfiguration = "Debug">
      <BuildableProductRunnable>
         <BuildableReference
            BuildableIdentifier = "primary"
            BlueprintIdentifier = "5056FAD0D9AE6685D3725386"
            BuildableName = "C++ HW Thing 3 - We Must Go Deeper"
            BlueprintName = "C++ HW Thing 3 - We Must Go Deeper"
            ReferencedContainer = "container:C++ HW Thing 3 - We Must Go Deeper.xcodeproj">
         </BuildableReference>
      </BuildableProductRunnable>
   </LaunchAction>
</Scheme>
